
Microsoft Visual Studio Solution File, Format Version 12.00
# Visual Studio Version 16
VisualStudioVersion = 16.0.34114.132
MinimumVisualStudioVersion = 10.0.40219.1
Project("{FAE04EC0-301F-11D3-BF4B-00C04F79EFBC}") = "HelloName", "HelloName\HelloName.csproj", "{95A6B9A7-B443-4B8E-BA62-0973B1E099D4}"
EndProject
Project("{FAE04EC0-301F-11D3-BF4B-00C04F79EFBC}") = "EmployeeApplication", "EmployeeApplication\EmployeeApplication.csproj", "{629B2107-90C8-4487-A1ED-49F1C33C6D9C}"
EndProject
Global
	GlobalSection(SolutionConfigurationPlatforms) = preSolution
		Debug|Any CPU = Debug|Any CPU
		Release|Any CPU = Release|Any CPU
	EndGlobalSection
	GlobalSection(ProjectConfigurationPlatforms) = postSolution
		{95A6B9A7-B443-4B8E-BA62-0973B1E099D4}.Debug|Any CPU.ActiveCfg = Debug|Any CPU
		{95A6B9A7-B443-4B8E-BA62-0973B1E099D4}.Debug|Any CPU.Build.0 = Debug|Any CPU
		{95A6B9A7-B443-4B8E-BA62-0973B1E099D4}.Release|Any CPU.ActiveCfg = Release|Any CPU
		{95A6B9A7-B443-4B8E-BA62-0973B1E099D4}.Release|Any CPU.Build.0 = Release|Any CPU
		{629B2107-90C8-4487-A1ED-49F1C33C6D9C}.Debug|Any CPU.ActiveCfg = Debug|Any CPU
		{629B2107-90C8-4487-A1ED-49F1C33C6D9C}.Debug|Any CPU.Build.0 = Debug|Any CPU
		{629B2107-90C8-4487-A1ED-49F1C33C6D9C}.Release|Any CPU.ActiveCfg = Release|Any CPU
		{629B2107-90C8-4487-A1ED-49F1C33C6D9C}.Release|Any CPU.Build.0 = Release|Any CPU
	EndGlobalSection
	GlobalSection(SolutionProperties) = preSolution
		HideSolutionNode = FALSE
	EndGlobalSection
	GlobalSection(ExtensibilityGlobals) = postSolution
		SolutionGuid = {040822E6-A1C4-49D6-B955-E8D4D363C1A5}
	EndGlobalSection
EndGlobal
