
Microsoft Visual Studio Solution File, Format Version 12.00
# Visual Studio Version 16
VisualStudioVersion = 16.0.34114.132
MinimumVisualStudioVersion = 10.0.40219.1
Project("{FAE04EC0-301F-11D3-BF4B-00C04F79EFBC}") = "Blog", "Blog\Blog.csproj", "{9B44BDD0-F4FC-475A-8064-5BD40A80DAEF}"
EndProject
Global
	GlobalSection(SolutionConfigurationPlatforms) = preSolution
		Debug|Any CPU = Debug|Any CPU
		Release|Any CPU = Release|Any CPU
	EndGlobalSection
	GlobalSection(ProjectConfigurationPlatforms) = postSolution
		{9B44BDD0-F4FC-475A-8064-5BD40A80DAEF}.Debug|Any CPU.ActiveCfg = Debug|Any CPU
		{9B44BDD0-F4FC-475A-8064-5BD40A80DAEF}.Debug|Any CPU.Build.0 = Debug|Any CPU
		{9B44BDD0-F4FC-475A-8064-5BD40A80DAEF}.Release|Any CPU.ActiveCfg = Release|Any CPU
		{9B44BDD0-F4FC-475A-8064-5BD40A80DAEF}.Release|Any CPU.Build.0 = Release|Any CPU
	EndGlobalSection
	GlobalSection(SolutionProperties) = preSolution
		HideSolutionNode = FALSE
	EndGlobalSection
	GlobalSection(ExtensibilityGlobals) = postSolution
		SolutionGuid = {626DF5F1-2CCC-415C-BF5B-844E17F9E7FF}
	EndGlobalSection
EndGlobal
